
Microsoft Visual Studio Solution File, Format Version 12.00
# Visual Studio Version 17
VisualStudioVersion = 17.6.33815.320
MinimumVisualStudioVersion = 10.0.40219.1
Project("{FAE04EC0-301F-11D3-BF4B-00C04F79EFBC}") = "App1", "App1\App1.csproj", "{0FE0D049-F352-477D-BCCD-ACBF7D4F6F15}"
EndProject
Global
	GlobalSection(SolutionConfigurationPlatforms) = preSolution
		Debug|Any CPU = Debug|Any CPU
		Release|Any CPU = Release|Any CPU
	EndGlobalSection
	GlobalSection(ProjectConfigurationPlatforms) = postSolution
		{0FE0D049-F352-477D-BCCD-ACBF7D4F6F15}.Debug|Any CPU.ActiveCfg = Debug|Any CPU
		{0FE0D049-F352-477D-BCCD-ACBF7D4F6F15}.Debug|Any CPU.Build.0 = Debug|Any CPU
		{0FE0D049-F352-477D-BCCD-ACBF7D4F6F15}.Release|Any CPU.ActiveCfg = Release|Any CPU
		{0FE0D049-F352-477D-BCCD-ACBF7D4F6F15}.Release|Any CPU.Build.0 = Release|Any CPU
	EndGlobalSection
	GlobalSection(SolutionProperties) = preSolution
		HideSolutionNode = FALSE
	EndGlobalSection
	GlobalSection(ExtensibilityGlobals) = postSolution
		SolutionGuid = {FF77C852-2B0A-4550-9E92-32444B2FA6F9}
	EndGlobalSection
EndGlobal
